
Microsoft Visual Studio Solution File, Format Version 12.00
# Visual Studio Version 16
VisualStudioVersion = 16.0.29920.165
MinimumVisualStudioVersion = 10.0.40219.1
Project("{FAE04EC0-301F-11D3-BF4B-00C04F79EFBC}") = "XamarinAdsInstallReferrerDemo", "XamarinAdsInstallReferrerDemo.csproj", "{8A6B6665-E9D0-42FD-996C-D0F622A4B6F9}"
EndProject
Global
	GlobalSection(SolutionConfigurationPlatforms) = preSolution
		Debug|Any CPU = Debug|Any CPU
		Release|Any CPU = Release|Any CPU
	EndGlobalSection
	GlobalSection(ProjectConfigurationPlatforms) = postSolution
		{8A6B6665-E9D0-42FD-996C-D0F622A4B6F9}.Debug|Any CPU.ActiveCfg = Debug|Any CPU
		{8A6B6665-E9D0-42FD-996C-D0F622A4B6F9}.Debug|Any CPU.Build.0 = Debug|Any CPU
		{8A6B6665-E9D0-42FD-996C-D0F622A4B6F9}.Debug|Any CPU.Deploy.0 = Debug|Any CPU
		{8A6B6665-E9D0-42FD-996C-D0F622A4B6F9}.Release|Any CPU.ActiveCfg = Release|Any CPU
		{8A6B6665-E9D0-42FD-996C-D0F622A4B6F9}.Release|Any CPU.Build.0 = Release|Any CPU
		{8A6B6665-E9D0-42FD-996C-D0F622A4B6F9}.Release|Any CPU.Deploy.0 = Release|Any CPU
	EndGlobalSection
	GlobalSection(SolutionProperties) = preSolution
		HideSolutionNode = FALSE
	EndGlobalSection
	GlobalSection(ExtensibilityGlobals) = postSolution
		SolutionGuid = {53A5471D-C412-43F2-B5C7-376AB98BDEF0}
	EndGlobalSection
EndGlobal
