
Microsoft Visual Studio Solution File, Format Version 12.00
# Visual Studio Version 16
VisualStudioVersion = 16.0.30011.22
MinimumVisualStudioVersion = 10.0.40219.1
Project("{FAE04EC0-301F-11D3-BF4B-00C04F79EFBC}") = "XamarinHmsNearbyDemoMessage", "XamarinHmsNearbyDemoMessage.csproj", "{063BC6CC-E141-422B-A37B-84BC6713F82E}"
EndProject
Global
	GlobalSection(SolutionConfigurationPlatforms) = preSolution
		Debug|Any CPU = Debug|Any CPU
		Release|Any CPU = Release|Any CPU
	EndGlobalSection
	GlobalSection(ProjectConfigurationPlatforms) = postSolution
		{063BC6CC-E141-422B-A37B-84BC6713F82E}.Debug|Any CPU.ActiveCfg = Debug|Any CPU
		{063BC6CC-E141-422B-A37B-84BC6713F82E}.Debug|Any CPU.Build.0 = Debug|Any CPU
		{063BC6CC-E141-422B-A37B-84BC6713F82E}.Debug|Any CPU.Deploy.0 = Debug|Any CPU
		{063BC6CC-E141-422B-A37B-84BC6713F82E}.Release|Any CPU.ActiveCfg = Release|Any CPU
		{063BC6CC-E141-422B-A37B-84BC6713F82E}.Release|Any CPU.Build.0 = Release|Any CPU
		{063BC6CC-E141-422B-A37B-84BC6713F82E}.Release|Any CPU.Deploy.0 = Release|Any CPU
	EndGlobalSection
	GlobalSection(SolutionProperties) = preSolution
		HideSolutionNode = FALSE
	EndGlobalSection
	GlobalSection(ExtensibilityGlobals) = postSolution
		SolutionGuid = {091282C5-C092-466B-BCCC-6680D744EC59}
	EndGlobalSection
EndGlobal
