
Microsoft Visual Studio Solution File, Format Version 12.00
# Visual Studio Version 16
VisualStudioVersion = 16.0.30907.101
MinimumVisualStudioVersion = 10.0.40219.1
Project("{FAE04EC0-301F-11D3-BF4B-00C04F79EFBC}") = "XamarinHmsSiteDemo", "XamarinHmsSiteDemo.csproj", "{028C0568-BD4C-48C9-BBBC-ACAD5B46447E}"
EndProject
Global
	GlobalSection(SolutionConfigurationPlatforms) = preSolution
		Debug|Any CPU = Debug|Any CPU
		Release|Any CPU = Release|Any CPU
	EndGlobalSection
	GlobalSection(ProjectConfigurationPlatforms) = postSolution
		{028C0568-BD4C-48C9-BBBC-ACAD5B46447E}.Debug|Any CPU.ActiveCfg = Debug|Any CPU
		{028C0568-BD4C-48C9-BBBC-ACAD5B46447E}.Debug|Any CPU.Build.0 = Debug|Any CPU
		{028C0568-BD4C-48C9-BBBC-ACAD5B46447E}.Debug|Any CPU.Deploy.0 = Debug|Any CPU
		{028C0568-BD4C-48C9-BBBC-ACAD5B46447E}.Release|Any CPU.ActiveCfg = Release|Any CPU
		{028C0568-BD4C-48C9-BBBC-ACAD5B46447E}.Release|Any CPU.Build.0 = Release|Any CPU
		{028C0568-BD4C-48C9-BBBC-ACAD5B46447E}.Release|Any CPU.Deploy.0 = Release|Any CPU
	EndGlobalSection
	GlobalSection(SolutionProperties) = preSolution
		HideSolutionNode = FALSE
	EndGlobalSection
	GlobalSection(ExtensibilityGlobals) = postSolution
		SolutionGuid = {16010CB2-859D-4C79-BE5B-33AD172EEC18}
	EndGlobalSection
EndGlobal
