
Microsoft Visual Studio Solution File, Format Version 12.00
# Visual Studio Version 16
VisualStudioVersion = 16.0.30615.102
MinimumVisualStudioVersion = 10.0.40219.1
Project("{FAE04EC0-301F-11D3-BF4B-00C04F79EFBC}") = "AwarenessKitDemo", "AwarenessKitDemo.csproj", "{A6AFB0C6-282C-47BD-871C-A90CE0433B96}"
EndProject
Global
	GlobalSection(SolutionConfigurationPlatforms) = preSolution
		Debug|Any CPU = Debug|Any CPU
		Release|Any CPU = Release|Any CPU
	EndGlobalSection
	GlobalSection(ProjectConfigurationPlatforms) = postSolution
		{A6AFB0C6-282C-47BD-871C-A90CE0433B96}.Debug|Any CPU.ActiveCfg = Debug|Any CPU
		{A6AFB0C6-282C-47BD-871C-A90CE0433B96}.Debug|Any CPU.Build.0 = Debug|Any CPU
		{A6AFB0C6-282C-47BD-871C-A90CE0433B96}.Debug|Any CPU.Deploy.0 = Debug|Any CPU
		{A6AFB0C6-282C-47BD-871C-A90CE0433B96}.Release|Any CPU.ActiveCfg = Release|Any CPU
		{A6AFB0C6-282C-47BD-871C-A90CE0433B96}.Release|Any CPU.Build.0 = Release|Any CPU
		{A6AFB0C6-282C-47BD-871C-A90CE0433B96}.Release|Any CPU.Deploy.0 = Release|Any CPU
	EndGlobalSection
	GlobalSection(SolutionProperties) = preSolution
		HideSolutionNode = FALSE
	EndGlobalSection
	GlobalSection(ExtensibilityGlobals) = postSolution
		SolutionGuid = {F9501965-8BF6-4B20-95A9-06F8942AB15A}
	EndGlobalSection
EndGlobal
