
Microsoft Visual Studio Solution File, Format Version 12.00
# Visual Studio Version 16
VisualStudioVersion = 16.0.809.4
MinimumVisualStudioVersion = 10.0.40219.1
Project("{FAE04EC0-301F-11D3-BF4B-00C04F79EFBC}") = "AgconnectCore", "AgconnectCore\AgconnectCore.csproj", "{04C050FB-BA14-411B-957D-C21CDD757CC8}"
EndProject
Project("{FAE04EC0-301F-11D3-BF4B-00C04F79EFBC}") = "HiAnalytics", "HiAnalytics\HiAnalytics.csproj", "{1F957468-44B2-43A0-A45D-6B0A10177B71}"
EndProject
Global
	GlobalSection(SolutionConfigurationPlatforms) = preSolution
		Debug|Any CPU = Debug|Any CPU
		Release|Any CPU = Release|Any CPU
	EndGlobalSection
	GlobalSection(ProjectConfigurationPlatforms) = postSolution
		{04C050FB-BA14-411B-957D-C21CDD757CC8}.Debug|Any CPU.ActiveCfg = Debug|Any CPU
		{04C050FB-BA14-411B-957D-C21CDD757CC8}.Debug|Any CPU.Build.0 = Debug|Any CPU
		{04C050FB-BA14-411B-957D-C21CDD757CC8}.Release|Any CPU.ActiveCfg = Release|Any CPU
		{04C050FB-BA14-411B-957D-C21CDD757CC8}.Release|Any CPU.Build.0 = Release|Any CPU
		{1F957468-44B2-43A0-A45D-6B0A10177B71}.Debug|Any CPU.ActiveCfg = Debug|Any CPU
		{1F957468-44B2-43A0-A45D-6B0A10177B71}.Debug|Any CPU.Build.0 = Debug|Any CPU
		{1F957468-44B2-43A0-A45D-6B0A10177B71}.Release|Any CPU.ActiveCfg = Release|Any CPU
		{1F957468-44B2-43A0-A45D-6B0A10177B71}.Release|Any CPU.Build.0 = Release|Any CPU
	EndGlobalSection
	GlobalSection(SolutionProperties) = preSolution
		HideSolutionNode = FALSE
	EndGlobalSection
	GlobalSection(ExtensibilityGlobals) = postSolution
		SolutionGuid = {AFDB4AA8-5504-40AC-82C3-C668F5020BB7}
	EndGlobalSection
EndGlobal
