
Microsoft Visual Studio Solution File, Format Version 12.00
# Visual Studio Version 16
VisualStudioVersion = 16.0.30523.141
MinimumVisualStudioVersion = 10.0.40219.1
Project("{FAE04EC0-301F-11D3-BF4B-00C04F79EFBC}") = "XamarinAdsLiteDemo", "XamarinAdsLiteDemo.csproj", "{B4D21E02-9CBF-4C12-B3D2-F87049EF177C}"
EndProject
Global
	GlobalSection(SolutionConfigurationPlatforms) = preSolution
		Debug|Any CPU = Debug|Any CPU
		Release|Any CPU = Release|Any CPU
	EndGlobalSection
	GlobalSection(ProjectConfigurationPlatforms) = postSolution
		{B4D21E02-9CBF-4C12-B3D2-F87049EF177C}.Debug|Any CPU.ActiveCfg = Debug|Any CPU
		{B4D21E02-9CBF-4C12-B3D2-F87049EF177C}.Debug|Any CPU.Build.0 = Debug|Any CPU
		{B4D21E02-9CBF-4C12-B3D2-F87049EF177C}.Debug|Any CPU.Deploy.0 = Debug|Any CPU
		{B4D21E02-9CBF-4C12-B3D2-F87049EF177C}.Release|Any CPU.ActiveCfg = Release|Any CPU
		{B4D21E02-9CBF-4C12-B3D2-F87049EF177C}.Release|Any CPU.Build.0 = Release|Any CPU
		{B4D21E02-9CBF-4C12-B3D2-F87049EF177C}.Release|Any CPU.Deploy.0 = Release|Any CPU
	EndGlobalSection
	GlobalSection(SolutionProperties) = preSolution
		HideSolutionNode = FALSE
	EndGlobalSection
	GlobalSection(ExtensibilityGlobals) = postSolution
		SolutionGuid = {DA7AD5F7-6A23-44EA-8E07-38EC9AFAB859}
	EndGlobalSection
EndGlobal
