
Microsoft Visual Studio Solution File, Format Version 12.00
# Visual Studio Version 16
VisualStudioVersion = 16.0.30320.27
MinimumVisualStudioVersion = 10.0.40219.1
Project("{FAE04EC0-301F-11D3-BF4B-00C04F79EFBC}") = "XamarinHmsDTMDemo", "XamarinHmsDTMDemo.csproj", "{65179B8B-63DF-4A60-A9CE-88B47E0B2594}"
EndProject
Global
	GlobalSection(SolutionConfigurationPlatforms) = preSolution
		Debug|Any CPU = Debug|Any CPU
		Release|Any CPU = Release|Any CPU
	EndGlobalSection
	GlobalSection(ProjectConfigurationPlatforms) = postSolution
		{65179B8B-63DF-4A60-A9CE-88B47E0B2594}.Debug|Any CPU.ActiveCfg = Debug|Any CPU
		{65179B8B-63DF-4A60-A9CE-88B47E0B2594}.Debug|Any CPU.Build.0 = Debug|Any CPU
		{65179B8B-63DF-4A60-A9CE-88B47E0B2594}.Debug|Any CPU.Deploy.0 = Debug|Any CPU
		{65179B8B-63DF-4A60-A9CE-88B47E0B2594}.Release|Any CPU.ActiveCfg = Release|Any CPU
		{65179B8B-63DF-4A60-A9CE-88B47E0B2594}.Release|Any CPU.Build.0 = Release|Any CPU
		{65179B8B-63DF-4A60-A9CE-88B47E0B2594}.Release|Any CPU.Deploy.0 = Release|Any CPU
	EndGlobalSection
	GlobalSection(SolutionProperties) = preSolution
		HideSolutionNode = FALSE
	EndGlobalSection
	GlobalSection(ExtensibilityGlobals) = postSolution
		SolutionGuid = {34E86DD1-92E7-4035-A7B0-6DFBFEC2223D}
	EndGlobalSection
EndGlobal
