
Microsoft Visual Studio Solution File, Format Version 12.00
# Visual Studio Version 16
VisualStudioVersion = 16.0.29911.84
MinimumVisualStudioVersion = 10.0.40219.1
Project("{FAE04EC0-301F-11D3-BF4B-00C04F79EFBC}") = "PushKitDemo", "PushKitDemo.csproj", "{26D8201A-8E71-4589-B472-C22D66BDC702}"
EndProject
Global
	GlobalSection(SolutionConfigurationPlatforms) = preSolution
		Debug|Any CPU = Debug|Any CPU
		Release|Any CPU = Release|Any CPU
	EndGlobalSection
	GlobalSection(ProjectConfigurationPlatforms) = postSolution
		{26D8201A-8E71-4589-B472-C22D66BDC702}.Debug|Any CPU.ActiveCfg = Debug|Any CPU
		{26D8201A-8E71-4589-B472-C22D66BDC702}.Debug|Any CPU.Build.0 = Debug|Any CPU
		{26D8201A-8E71-4589-B472-C22D66BDC702}.Debug|Any CPU.Deploy.0 = Debug|Any CPU
		{26D8201A-8E71-4589-B472-C22D66BDC702}.Release|Any CPU.ActiveCfg = Release|Any CPU
		{26D8201A-8E71-4589-B472-C22D66BDC702}.Release|Any CPU.Build.0 = Release|Any CPU
		{26D8201A-8E71-4589-B472-C22D66BDC702}.Release|Any CPU.Deploy.0 = Release|Any CPU
	EndGlobalSection
	GlobalSection(SolutionProperties) = preSolution
		HideSolutionNode = FALSE
	EndGlobalSection
	GlobalSection(ExtensibilityGlobals) = postSolution
		SolutionGuid = {E7DA13C8-D3AA-4C3E-8B1D-F5AE5A6DC504}
	EndGlobalSection
EndGlobal
