
Microsoft Visual Studio Solution File, Format Version 12.00
# Visual Studio Version 16
VisualStudioVersion = 16.0.30011.22
MinimumVisualStudioVersion = 10.0.40219.1
Project("{FAE04EC0-301F-11D3-BF4B-00C04F79EFBC}") = "XamarinHmsNearbyDemo", "XamarinHmsNearbyDemo.csproj", "{41C81B0B-D332-4DF6-B5E9-F81B5160E73B}"
EndProject
Global
	GlobalSection(SolutionConfigurationPlatforms) = preSolution
		Debug|Any CPU = Debug|Any CPU
		Release|Any CPU = Release|Any CPU
	EndGlobalSection
	GlobalSection(ProjectConfigurationPlatforms) = postSolution
		{41C81B0B-D332-4DF6-B5E9-F81B5160E73B}.Debug|Any CPU.ActiveCfg = Debug|Any CPU
		{41C81B0B-D332-4DF6-B5E9-F81B5160E73B}.Debug|Any CPU.Build.0 = Debug|Any CPU
		{41C81B0B-D332-4DF6-B5E9-F81B5160E73B}.Debug|Any CPU.Deploy.0 = Debug|Any CPU
		{41C81B0B-D332-4DF6-B5E9-F81B5160E73B}.Release|Any CPU.ActiveCfg = Release|Any CPU
		{41C81B0B-D332-4DF6-B5E9-F81B5160E73B}.Release|Any CPU.Build.0 = Release|Any CPU
		{41C81B0B-D332-4DF6-B5E9-F81B5160E73B}.Release|Any CPU.Deploy.0 = Release|Any CPU
	EndGlobalSection
	GlobalSection(SolutionProperties) = preSolution
		HideSolutionNode = FALSE
	EndGlobalSection
	GlobalSection(ExtensibilityGlobals) = postSolution
		SolutionGuid = {959B5F1A-76F0-4E3D-905F-19AFAAE94A84}
	EndGlobalSection
EndGlobal
